
Microsoft Visual Studio Solution File, Format Version 12.00
# Visual Studio 15
VisualStudioVersion = 15.0.27428.2043
MinimumVisualStudioVersion = 10.0.40219.1
Project("{9A19103F-16F7-4668-BE54-9A1E7A4F7556}") = "WebApi", "WebApi\WebApi.csproj", "{7CDBF1B3-F4D0-4BC4-B51A-734ADCFDD2C6}"
EndProject
Project("{9A19103F-16F7-4668-BE54-9A1E7A4F7556}") = "Application", "Application\Application.csproj", "{6E3B03F1-0DC3-40AB-BBF3-C0C43DB0A6C3}"
EndProject
Project("{9A19103F-16F7-4668-BE54-9A1E7A4F7556}") = "Domain", "Domain\Domain.csproj", "{F5338AB8-65A9-42DD-9D59-7326A24FF530}"
EndProject
Project("{9A19103F-16F7-4668-BE54-9A1E7A4F7556}") = "Infrastructure", "Infrastructure\Infrastructure.csproj", "{8A0EC45C-9C26-401D-B0E5-1A5C6907D6DA}"
EndProject
Project("{FAE04EC0-301F-11D3-BF4B-00C04F79EFBC}") = "Entities", "Entities\Entities.csproj", "{C3FE90F6-4E59-4B3A-B991-57A1CB9FEA20}"
EndProject
Global
	GlobalSection(SolutionConfigurationPlatforms) = preSolution
		Debug|Any CPU = Debug|Any CPU
		Release|Any CPU = Release|Any CPU
	EndGlobalSection
	GlobalSection(ProjectConfigurationPlatforms) = postSolution
		{7CDBF1B3-F4D0-4BC4-B51A-734ADCFDD2C6}.Debug|Any CPU.ActiveCfg = Debug|Any CPU
		{7CDBF1B3-F4D0-4BC4-B51A-734ADCFDD2C6}.Debug|Any CPU.Build.0 = Debug|Any CPU
		{7CDBF1B3-F4D0-4BC4-B51A-734ADCFDD2C6}.Release|Any CPU.ActiveCfg = Release|Any CPU
		{7CDBF1B3-F4D0-4BC4-B51A-734ADCFDD2C6}.Release|Any CPU.Build.0 = Release|Any CPU
		{6E3B03F1-0DC3-40AB-BBF3-C0C43DB0A6C3}.Debug|Any CPU.ActiveCfg = Debug|Any CPU
		{6E3B03F1-0DC3-40AB-BBF3-C0C43DB0A6C3}.Debug|Any CPU.Build.0 = Debug|Any CPU
		{6E3B03F1-0DC3-40AB-BBF3-C0C43DB0A6C3}.Release|Any CPU.ActiveCfg = Release|Any CPU
		{6E3B03F1-0DC3-40AB-BBF3-C0C43DB0A6C3}.Release|Any CPU.Build.0 = Release|Any CPU
		{F5338AB8-65A9-42DD-9D59-7326A24FF530}.Debug|Any CPU.ActiveCfg = Debug|Any CPU
		{F5338AB8-65A9-42DD-9D59-7326A24FF530}.Debug|Any CPU.Build.0 = Debug|Any CPU
		{F5338AB8-65A9-42DD-9D59-7326A24FF530}.Release|Any CPU.ActiveCfg = Release|Any CPU
		{F5338AB8-65A9-42DD-9D59-7326A24FF530}.Release|Any CPU.Build.0 = Release|Any CPU
		{8A0EC45C-9C26-401D-B0E5-1A5C6907D6DA}.Debug|Any CPU.ActiveCfg = Debug|Any CPU
		{8A0EC45C-9C26-401D-B0E5-1A5C6907D6DA}.Debug|Any CPU.Build.0 = Debug|Any CPU
		{8A0EC45C-9C26-401D-B0E5-1A5C6907D6DA}.Release|Any CPU.ActiveCfg = Release|Any CPU
		{8A0EC45C-9C26-401D-B0E5-1A5C6907D6DA}.Release|Any CPU.Build.0 = Release|Any CPU
		{C3FE90F6-4E59-4B3A-B991-57A1CB9FEA20}.Debug|Any CPU.ActiveCfg = Debug|Any CPU
		{C3FE90F6-4E59-4B3A-B991-57A1CB9FEA20}.Debug|Any CPU.Build.0 = Debug|Any CPU
		{C3FE90F6-4E59-4B3A-B991-57A1CB9FEA20}.Release|Any CPU.ActiveCfg = Release|Any CPU
		{C3FE90F6-4E59-4B3A-B991-57A1CB9FEA20}.Release|Any CPU.Build.0 = Release|Any CPU
	EndGlobalSection
	GlobalSection(SolutionProperties) = preSolution
		HideSolutionNode = FALSE
	EndGlobalSection
	GlobalSection(ExtensibilityGlobals) = postSolution
		SolutionGuid = {B652C927-50E7-4F7D-8F79-C4CDB3CADDB6}
	EndGlobalSection
EndGlobal
